
Microsoft Visual Studio Solution File, Format Version 12.00
# Visual Studio Version 17
VisualStudioVersion = 17.0.31903.59
MinimumVisualStudioVersion = 10.0.40219.1
Project("{2150E333-8FDC-42A3-9474-1A3956D46DE8}") = "src", "src", "{A2A1AC18-B493-49D9-9939-29E013A39412}"
EndProject
Project("{FAE04EC0-301F-11D3-BF4B-00C04F79EFBC}") = "AuctionService", "src\AuctionService\AuctionService.csproj", "{A228CD6A-FA38-4DF0-925D-339273261800}"
EndProject
Global
	GlobalSection(SolutionConfigurationPlatforms) = preSolution
		Debug|Any CPU = Debug|Any CPU
		Release|Any CPU = Release|Any CPU
	EndGlobalSection
	GlobalSection(SolutionProperties) = preSolution
		HideSolutionNode = FALSE
	EndGlobalSection
	GlobalSection(ProjectConfigurationPlatforms) = postSolution
		{A228CD6A-FA38-4DF0-925D-339273261800}.Debug|Any CPU.ActiveCfg = Debug|Any CPU
		{A228CD6A-FA38-4DF0-925D-339273261800}.Debug|Any CPU.Build.0 = Debug|Any CPU
		{A228CD6A-FA38-4DF0-925D-339273261800}.Release|Any CPU.ActiveCfg = Release|Any CPU
		{A228CD6A-FA38-4DF0-925D-339273261800}.Release|Any CPU.Build.0 = Release|Any CPU
	EndGlobalSection
	GlobalSection(NestedProjects) = preSolution
		{A228CD6A-FA38-4DF0-925D-339273261800} = {A2A1AC18-B493-49D9-9939-29E013A39412}
	EndGlobalSection
EndGlobal
